
Microsoft Visual Studio Solution File, Format Version 12.00
Project("{FAE04EC0-301F-11D3-BF4B-00C04F79EFBC}") = "BILLmanager_app", "BILLmanager_app.csproj", "{1F04BE51-7E4D-42D0-ABAF-8F198D2D6301}"
EndProject
Global
	GlobalSection(SolutionConfigurationPlatforms) = preSolution
		Debug|Any CPU = Debug|Any CPU
		Release|Any CPU = Release|Any CPU
	EndGlobalSection
	GlobalSection(ProjectConfigurationPlatforms) = postSolution
		{1F04BE51-7E4D-42D0-ABAF-8F198D2D6301}.Debug|Any CPU.ActiveCfg = Debug|Any CPU
		{1F04BE51-7E4D-42D0-ABAF-8F198D2D6301}.Debug|Any CPU.Build.0 = Debug|Any CPU
		{1F04BE51-7E4D-42D0-ABAF-8F198D2D6301}.Release|Any CPU.ActiveCfg = Release|Any CPU
		{1F04BE51-7E4D-42D0-ABAF-8F198D2D6301}.Release|Any CPU.Build.0 = Release|Any CPU
	EndGlobalSection
EndGlobal
